
Microsoft Visual Studio Solution File, Format Version 12.00
# Visual Studio Version 16
VisualStudioVersion = 16.0.28606.126
MinimumVisualStudioVersion = 10.0.40219.1
Project("{2150E333-8FDC-42A3-9474-1A3956D46DE8}") = "Creacionales", "Creacionales", "{69FF8B48-DC27-49E1-8441-EAE0E30CEC05}"
EndProject
Project("{FAE04EC0-301F-11D3-BF4B-00C04F79EFBC}") = "Abstract Factory", "Abstract Factory\Abstract Factory.csproj", "{44281147-1673-45B6-A4FF-77C2468F4BDF}"
EndProject
Project("{FAE04EC0-301F-11D3-BF4B-00C04F79EFBC}") = "Builder", "Builder\Builder.csproj", "{474ABDC3-03A2-4B87-85AE-B54E1055C33F}"
EndProject
Project("{FAE04EC0-301F-11D3-BF4B-00C04F79EFBC}") = "Factory Method", "Factory Method\Factory Method.csproj", "{0980F22C-20D2-4963-A35A-430EB06E1D39}"
EndProject
Project("{FAE04EC0-301F-11D3-BF4B-00C04F79EFBC}") = "Prototype", "Prototype\Prototype.csproj", "{FF7D9B92-42F5-4E08-B93C-61D82DCC4602}"
EndProject
Project("{FAE04EC0-301F-11D3-BF4B-00C04F79EFBC}") = "Singleton", "Singleton\Singleton.csproj", "{6C4ED967-6718-41B0-89C8-7AD0AF177294}"
EndProject
Project("{2150E333-8FDC-42A3-9474-1A3956D46DE8}") = "Estructurales", "Estructurales", "{7F2638DD-AC1F-4325-9FE1-799F84B31660}"
EndProject
Project("{2150E333-8FDC-42A3-9474-1A3956D46DE8}") = "Comportamiento", "Comportamiento", "{C070FC9C-1A13-46EB-9BBD-A5ED6C6EFD1F}"
EndProject
Project("{FAE04EC0-301F-11D3-BF4B-00C04F79EFBC}") = "Adapter", "Adapter\Adapter.csproj", "{81EFBB72-DE38-4982-A2E6-91CB7ED06955}"
EndProject
Project("{FAE04EC0-301F-11D3-BF4B-00C04F79EFBC}") = "Bridge", "Bridge\Bridge.csproj", "{988849B9-3461-4A0C-9708-85094EEB37FA}"
EndProject
Project("{FAE04EC0-301F-11D3-BF4B-00C04F79EFBC}") = "Composite", "Composite\Composite.csproj", "{7D8F1057-5F7C-4461-85A2-83C6BA0650E1}"
EndProject
Project("{FAE04EC0-301F-11D3-BF4B-00C04F79EFBC}") = "Decorator", "Decorator\Decorator.csproj", "{0EC0B824-F610-4504-9F92-5D7F8C7EE40C}"
EndProject
Project("{FAE04EC0-301F-11D3-BF4B-00C04F79EFBC}") = "Facade", "Facade\Facade.csproj", "{1D2146C3-1A4E-40A5-86B3-B10A97840D6F}"
EndProject
Project("{FAE04EC0-301F-11D3-BF4B-00C04F79EFBC}") = "Flyweight", "Flyweight\Flyweight.csproj", "{66E4271C-A529-43F8-971F-B51FD7B11C36}"
EndProject
Project("{FAE04EC0-301F-11D3-BF4B-00C04F79EFBC}") = "Proxy", "Proxy\Proxy.csproj", "{DB173F61-4FE1-49EF-A36C-5F8E8A71E562}"
EndProject
Project("{FAE04EC0-301F-11D3-BF4B-00C04F79EFBC}") = "Chain of Resp", "Chain of Resp\Chain of Resp.csproj", "{610544D9-1B6C-4507-8ED9-3FAB8BB7CC79}"
EndProject
Project("{FAE04EC0-301F-11D3-BF4B-00C04F79EFBC}") = "Command", "Command\Command.csproj", "{BB7A8007-5A0C-4C62-AB8E-D372DED759CF}"
EndProject
Project("{FAE04EC0-301F-11D3-BF4B-00C04F79EFBC}") = "Interpreter", "Interpreter\Interpreter.csproj", "{2BE1C10A-4783-4221-A936-D14187231C8E}"
EndProject
Project("{FAE04EC0-301F-11D3-BF4B-00C04F79EFBC}") = "Iterator", "Iterator\Iterator.csproj", "{52032742-970A-4E44-A024-BE76F56751E4}"
EndProject
Project("{FAE04EC0-301F-11D3-BF4B-00C04F79EFBC}") = "Mediator", "Mediator\Mediator.csproj", "{2B392E79-6E7C-4EFE-9429-FB2C9A596872}"
EndProject
Project("{FAE04EC0-301F-11D3-BF4B-00C04F79EFBC}") = "Memento", "Memento\Memento.csproj", "{5A86B865-4188-4DDB-8585-2E90B2C3BAA9}"
EndProject
Project("{FAE04EC0-301F-11D3-BF4B-00C04F79EFBC}") = "Observer", "Observer\Observer.csproj", "{610C2996-101B-4F53-9792-D644781CA77C}"
EndProject
Project("{FAE04EC0-301F-11D3-BF4B-00C04F79EFBC}") = "State", "State\State.csproj", "{C1D98BE8-643B-4BB6-A53B-4B1BAB3C6C03}"
EndProject
Project("{FAE04EC0-301F-11D3-BF4B-00C04F79EFBC}") = "Strategy", "Strategy\Strategy.csproj", "{50BF6565-2668-461F-B322-8706F4D18267}"
EndProject
Project("{FAE04EC0-301F-11D3-BF4B-00C04F79EFBC}") = "Template Method", "Template Method\Template Method.csproj", "{5351DFC2-D400-4151-B66F-EFDCAF8B8084}"
EndProject
Project("{FAE04EC0-301F-11D3-BF4B-00C04F79EFBC}") = "Visitor", "Visitor\Visitor.csproj", "{4FAB6E4E-9A39-4D66-AFC2-8205694A8401}"
EndProject
Global
	GlobalSection(SolutionConfigurationPlatforms) = preSolution
		Debug|Any CPU = Debug|Any CPU
		Release|Any CPU = Release|Any CPU
	EndGlobalSection
	GlobalSection(ProjectConfigurationPlatforms) = postSolution
		{44281147-1673-45B6-A4FF-77C2468F4BDF}.Debug|Any CPU.ActiveCfg = Debug|Any CPU
		{44281147-1673-45B6-A4FF-77C2468F4BDF}.Debug|Any CPU.Build.0 = Debug|Any CPU
		{44281147-1673-45B6-A4FF-77C2468F4BDF}.Release|Any CPU.ActiveCfg = Release|Any CPU
		{44281147-1673-45B6-A4FF-77C2468F4BDF}.Release|Any CPU.Build.0 = Release|Any CPU
		{474ABDC3-03A2-4B87-85AE-B54E1055C33F}.Debug|Any CPU.ActiveCfg = Debug|Any CPU
		{474ABDC3-03A2-4B87-85AE-B54E1055C33F}.Debug|Any CPU.Build.0 = Debug|Any CPU
		{474ABDC3-03A2-4B87-85AE-B54E1055C33F}.Release|Any CPU.ActiveCfg = Release|Any CPU
		{474ABDC3-03A2-4B87-85AE-B54E1055C33F}.Release|Any CPU.Build.0 = Release|Any CPU
		{0980F22C-20D2-4963-A35A-430EB06E1D39}.Debug|Any CPU.ActiveCfg = Debug|Any CPU
		{0980F22C-20D2-4963-A35A-430EB06E1D39}.Debug|Any CPU.Build.0 = Debug|Any CPU
		{0980F22C-20D2-4963-A35A-430EB06E1D39}.Release|Any CPU.ActiveCfg = Release|Any CPU
		{0980F22C-20D2-4963-A35A-430EB06E1D39}.Release|Any CPU.Build.0 = Release|Any CPU
		{FF7D9B92-42F5-4E08-B93C-61D82DCC4602}.Debug|Any CPU.ActiveCfg = Debug|Any CPU
		{FF7D9B92-42F5-4E08-B93C-61D82DCC4602}.Debug|Any CPU.Build.0 = Debug|Any CPU
		{FF7D9B92-42F5-4E08-B93C-61D82DCC4602}.Release|Any CPU.ActiveCfg = Release|Any CPU
		{FF7D9B92-42F5-4E08-B93C-61D82DCC4602}.Release|Any CPU.Build.0 = Release|Any CPU
		{6C4ED967-6718-41B0-89C8-7AD0AF177294}.Debug|Any CPU.ActiveCfg = Debug|Any CPU
		{6C4ED967-6718-41B0-89C8-7AD0AF177294}.Debug|Any CPU.Build.0 = Debug|Any CPU
		{6C4ED967-6718-41B0-89C8-7AD0AF177294}.Release|Any CPU.ActiveCfg = Release|Any CPU
		{6C4ED967-6718-41B0-89C8-7AD0AF177294}.Release|Any CPU.Build.0 = Release|Any CPU
		{81EFBB72-DE38-4982-A2E6-91CB7ED06955}.Debug|Any CPU.ActiveCfg = Debug|Any CPU
		{81EFBB72-DE38-4982-A2E6-91CB7ED06955}.Debug|Any CPU.Build.0 = Debug|Any CPU
		{81EFBB72-DE38-4982-A2E6-91CB7ED06955}.Release|Any CPU.ActiveCfg = Release|Any CPU
		{81EFBB72-DE38-4982-A2E6-91CB7ED06955}.Release|Any CPU.Build.0 = Release|Any CPU
		{988849B9-3461-4A0C-9708-85094EEB37FA}.Debug|Any CPU.ActiveCfg = Debug|Any CPU
		{988849B9-3461-4A0C-9708-85094EEB37FA}.Debug|Any CPU.Build.0 = Debug|Any CPU
		{988849B9-3461-4A0C-9708-85094EEB37FA}.Release|Any CPU.ActiveCfg = Release|Any CPU
		{988849B9-3461-4A0C-9708-85094EEB37FA}.Release|Any CPU.Build.0 = Release|Any CPU
		{7D8F1057-5F7C-4461-85A2-83C6BA0650E1}.Debug|Any CPU.ActiveCfg = Debug|Any CPU
		{7D8F1057-5F7C-4461-85A2-83C6BA0650E1}.Debug|Any CPU.Build.0 = Debug|Any CPU
		{7D8F1057-5F7C-4461-85A2-83C6BA0650E1}.Release|Any CPU.ActiveCfg = Release|Any CPU
		{7D8F1057-5F7C-4461-85A2-83C6BA0650E1}.Release|Any CPU.Build.0 = Release|Any CPU
		{0EC0B824-F610-4504-9F92-5D7F8C7EE40C}.Debug|Any CPU.ActiveCfg = Debug|Any CPU
		{0EC0B824-F610-4504-9F92-5D7F8C7EE40C}.Debug|Any CPU.Build.0 = Debug|Any CPU
		{0EC0B824-F610-4504-9F92-5D7F8C7EE40C}.Release|Any CPU.ActiveCfg = Release|Any CPU
		{0EC0B824-F610-4504-9F92-5D7F8C7EE40C}.Release|Any CPU.Build.0 = Release|Any CPU
		{1D2146C3-1A4E-40A5-86B3-B10A97840D6F}.Debug|Any CPU.ActiveCfg = Debug|Any CPU
		{1D2146C3-1A4E-40A5-86B3-B10A97840D6F}.Debug|Any CPU.Build.0 = Debug|Any CPU
		{1D2146C3-1A4E-40A5-86B3-B10A97840D6F}.Release|Any CPU.ActiveCfg = Release|Any CPU
		{1D2146C3-1A4E-40A5-86B3-B10A97840D6F}.Release|Any CPU.Build.0 = Release|Any CPU
		{66E4271C-A529-43F8-971F-B51FD7B11C36}.Debug|Any CPU.ActiveCfg = Debug|Any CPU
		{66E4271C-A529-43F8-971F-B51FD7B11C36}.Debug|Any CPU.Build.0 = Debug|Any CPU
		{66E4271C-A529-43F8-971F-B51FD7B11C36}.Release|Any CPU.ActiveCfg = Release|Any CPU
		{66E4271C-A529-43F8-971F-B51FD7B11C36}.Release|Any CPU.Build.0 = Release|Any CPU
		{DB173F61-4FE1-49EF-A36C-5F8E8A71E562}.Debug|Any CPU.ActiveCfg = Debug|Any CPU
		{DB173F61-4FE1-49EF-A36C-5F8E8A71E562}.Debug|Any CPU.Build.0 = Debug|Any CPU
		{DB173F61-4FE1-49EF-A36C-5F8E8A71E562}.Release|Any CPU.ActiveCfg = Release|Any CPU
		{DB173F61-4FE1-49EF-A36C-5F8E8A71E562}.Release|Any CPU.Build.0 = Release|Any CPU
		{610544D9-1B6C-4507-8ED9-3FAB8BB7CC79}.Debug|Any CPU.ActiveCfg = Debug|Any CPU
		{610544D9-1B6C-4507-8ED9-3FAB8BB7CC79}.Debug|Any CPU.Build.0 = Debug|Any CPU
		{610544D9-1B6C-4507-8ED9-3FAB8BB7CC79}.Release|Any CPU.ActiveCfg = Release|Any CPU
		{610544D9-1B6C-4507-8ED9-3FAB8BB7CC79}.Release|Any CPU.Build.0 = Release|Any CPU
		{BB7A8007-5A0C-4C62-AB8E-D372DED759CF}.Debug|Any CPU.ActiveCfg = Debug|Any CPU
		{BB7A8007-5A0C-4C62-AB8E-D372DED759CF}.Debug|Any CPU.Build.0 = Debug|Any CPU
		{BB7A8007-5A0C-4C62-AB8E-D372DED759CF}.Release|Any CPU.ActiveCfg = Release|Any CPU
		{BB7A8007-5A0C-4C62-AB8E-D372DED759CF}.Release|Any CPU.Build.0 = Release|Any CPU
		{2BE1C10A-4783-4221-A936-D14187231C8E}.Debug|Any CPU.ActiveCfg = Debug|Any CPU
		{2BE1C10A-4783-4221-A936-D14187231C8E}.Debug|Any CPU.Build.0 = Debug|Any CPU
		{2BE1C10A-4783-4221-A936-D14187231C8E}.Release|Any CPU.ActiveCfg = Release|Any CPU
		{2BE1C10A-4783-4221-A936-D14187231C8E}.Release|Any CPU.Build.0 = Release|Any CPU
		{52032742-970A-4E44-A024-BE76F56751E4}.Debug|Any CPU.ActiveCfg = Debug|Any CPU
		{52032742-970A-4E44-A024-BE76F56751E4}.Debug|Any CPU.Build.0 = Debug|Any CPU
		{52032742-970A-4E44-A024-BE76F56751E4}.Release|Any CPU.ActiveCfg = Release|Any CPU
		{52032742-970A-4E44-A024-BE76F56751E4}.Release|Any CPU.Build.0 = Release|Any CPU
		{2B392E79-6E7C-4EFE-9429-FB2C9A596872}.Debug|Any CPU.ActiveCfg = Debug|Any CPU
		{2B392E79-6E7C-4EFE-9429-FB2C9A596872}.Debug|Any CPU.Build.0 = Debug|Any CPU
		{2B392E79-6E7C-4EFE-9429-FB2C9A596872}.Release|Any CPU.ActiveCfg = Release|Any CPU
		{2B392E79-6E7C-4EFE-9429-FB2C9A596872}.Release|Any CPU.Build.0 = Release|Any CPU
		{5A86B865-4188-4DDB-8585-2E90B2C3BAA9}.Debug|Any CPU.ActiveCfg = Debug|Any CPU
		{5A86B865-4188-4DDB-8585-2E90B2C3BAA9}.Debug|Any CPU.Build.0 = Debug|Any CPU
		{5A86B865-4188-4DDB-8585-2E90B2C3BAA9}.Release|Any CPU.ActiveCfg = Release|Any CPU
		{5A86B865-4188-4DDB-8585-2E90B2C3BAA9}.Release|Any CPU.Build.0 = Release|Any CPU
		{610C2996-101B-4F53-9792-D644781CA77C}.Debug|Any CPU.ActiveCfg = Debug|Any CPU
		{610C2996-101B-4F53-9792-D644781CA77C}.Debug|Any CPU.Build.0 = Debug|Any CPU
		{610C2996-101B-4F53-9792-D644781CA77C}.Release|Any CPU.ActiveCfg = Release|Any CPU
		{610C2996-101B-4F53-9792-D644781CA77C}.Release|Any CPU.Build.0 = Release|Any CPU
		{C1D98BE8-643B-4BB6-A53B-4B1BAB3C6C03}.Debug|Any CPU.ActiveCfg = Debug|Any CPU
		{C1D98BE8-643B-4BB6-A53B-4B1BAB3C6C03}.Debug|Any CPU.Build.0 = Debug|Any CPU
		{C1D98BE8-643B-4BB6-A53B-4B1BAB3C6C03}.Release|Any CPU.ActiveCfg = Release|Any CPU
		{C1D98BE8-643B-4BB6-A53B-4B1BAB3C6C03}.Release|Any CPU.Build.0 = Release|Any CPU
		{50BF6565-2668-461F-B322-8706F4D18267}.Debug|Any CPU.ActiveCfg = Debug|Any CPU
		{50BF6565-2668-461F-B322-8706F4D18267}.Debug|Any CPU.Build.0 = Debug|Any CPU
		{50BF6565-2668-461F-B322-8706F4D18267}.Release|Any CPU.ActiveCfg = Release|Any CPU
		{50BF6565-2668-461F-B322-8706F4D18267}.Release|Any CPU.Build.0 = Release|Any CPU
		{5351DFC2-D400-4151-B66F-EFDCAF8B8084}.Debug|Any CPU.ActiveCfg = Debug|Any CPU
		{5351DFC2-D400-4151-B66F-EFDCAF8B8084}.Debug|Any CPU.Build.0 = Debug|Any CPU
		{5351DFC2-D400-4151-B66F-EFDCAF8B8084}.Release|Any CPU.ActiveCfg = Release|Any CPU
		{5351DFC2-D400-4151-B66F-EFDCAF8B8084}.Release|Any CPU.Build.0 = Release|Any CPU
		{4FAB6E4E-9A39-4D66-AFC2-8205694A8401}.Debug|Any CPU.ActiveCfg = Debug|Any CPU
		{4FAB6E4E-9A39-4D66-AFC2-8205694A8401}.Debug|Any CPU.Build.0 = Debug|Any CPU
		{4FAB6E4E-9A39-4D66-AFC2-8205694A8401}.Release|Any CPU.ActiveCfg = Release|Any CPU
		{4FAB6E4E-9A39-4D66-AFC2-8205694A8401}.Release|Any CPU.Build.0 = Release|Any CPU
	EndGlobalSection
	GlobalSection(SolutionProperties) = preSolution
		HideSolutionNode = FALSE
	EndGlobalSection
	GlobalSection(NestedProjects) = preSolution
		{44281147-1673-45B6-A4FF-77C2468F4BDF} = {69FF8B48-DC27-49E1-8441-EAE0E30CEC05}
		{474ABDC3-03A2-4B87-85AE-B54E1055C33F} = {69FF8B48-DC27-49E1-8441-EAE0E30CEC05}
		{0980F22C-20D2-4963-A35A-430EB06E1D39} = {69FF8B48-DC27-49E1-8441-EAE0E30CEC05}
		{FF7D9B92-42F5-4E08-B93C-61D82DCC4602} = {69FF8B48-DC27-49E1-8441-EAE0E30CEC05}
		{6C4ED967-6718-41B0-89C8-7AD0AF177294} = {69FF8B48-DC27-49E1-8441-EAE0E30CEC05}
		{81EFBB72-DE38-4982-A2E6-91CB7ED06955} = {7F2638DD-AC1F-4325-9FE1-799F84B31660}
		{988849B9-3461-4A0C-9708-85094EEB37FA} = {7F2638DD-AC1F-4325-9FE1-799F84B31660}
		{7D8F1057-5F7C-4461-85A2-83C6BA0650E1} = {7F2638DD-AC1F-4325-9FE1-799F84B31660}
		{0EC0B824-F610-4504-9F92-5D7F8C7EE40C} = {7F2638DD-AC1F-4325-9FE1-799F84B31660}
		{1D2146C3-1A4E-40A5-86B3-B10A97840D6F} = {7F2638DD-AC1F-4325-9FE1-799F84B31660}
		{66E4271C-A529-43F8-971F-B51FD7B11C36} = {7F2638DD-AC1F-4325-9FE1-799F84B31660}
		{DB173F61-4FE1-49EF-A36C-5F8E8A71E562} = {7F2638DD-AC1F-4325-9FE1-799F84B31660}
		{610544D9-1B6C-4507-8ED9-3FAB8BB7CC79} = {C070FC9C-1A13-46EB-9BBD-A5ED6C6EFD1F}
		{BB7A8007-5A0C-4C62-AB8E-D372DED759CF} = {C070FC9C-1A13-46EB-9BBD-A5ED6C6EFD1F}
		{2BE1C10A-4783-4221-A936-D14187231C8E} = {C070FC9C-1A13-46EB-9BBD-A5ED6C6EFD1F}
		{52032742-970A-4E44-A024-BE76F56751E4} = {C070FC9C-1A13-46EB-9BBD-A5ED6C6EFD1F}
		{2B392E79-6E7C-4EFE-9429-FB2C9A596872} = {C070FC9C-1A13-46EB-9BBD-A5ED6C6EFD1F}
		{5A86B865-4188-4DDB-8585-2E90B2C3BAA9} = {C070FC9C-1A13-46EB-9BBD-A5ED6C6EFD1F}
		{610C2996-101B-4F53-9792-D644781CA77C} = {C070FC9C-1A13-46EB-9BBD-A5ED6C6EFD1F}
		{C1D98BE8-643B-4BB6-A53B-4B1BAB3C6C03} = {C070FC9C-1A13-46EB-9BBD-A5ED6C6EFD1F}
		{50BF6565-2668-461F-B322-8706F4D18267} = {C070FC9C-1A13-46EB-9BBD-A5ED6C6EFD1F}
		{5351DFC2-D400-4151-B66F-EFDCAF8B8084} = {C070FC9C-1A13-46EB-9BBD-A5ED6C6EFD1F}
		{4FAB6E4E-9A39-4D66-AFC2-8205694A8401} = {C070FC9C-1A13-46EB-9BBD-A5ED6C6EFD1F}
	EndGlobalSection
	GlobalSection(ExtensibilityGlobals) = postSolution
		SolutionGuid = {399F2F50-F43C-4F9E-986E-6CF074E74D38}
	EndGlobalSection
EndGlobal
